{
    "_readme": [
        "This file locks the dependencies of your project to a known state",
        "Read more about it at https://getcomposer.org/doc/01-basic-usage.md#installing-dependencies",
        "This file is @generated automatically"
    ],
    "content-hash": "430e2663e871d3b2b06dbe7c44707df4",
    "packages": [
        {
            "name": "corneltek/getoptionkit",
            "version": "2.7.2",
            "source": {
                "type": "git",
                "url": "https://github.com/c9s/GetOptionKit.git",
                "reference": "aab2728de80175217cab0d7a4d078c3eb907e2c0"
            },
            "dist": {
                "type": "zip",
                "url": "https://api.github.com/repos/c9s/GetOptionKit/zipball/aab2728de80175217cab0d7a4d078c3eb907e2c0",
                "reference": "aab2728de80175217cab0d7a4d078c3eb907e2c0",
                "shasum": ""
            },
            "require": {
                "php": ">=7.2.0"
            },
            "require-dev": {
                "phpunit/phpunit": "^8.0 || ^9.0"
            },
            "type": "library",
            "extra": {
                "branch-alias": {
                    "dev-master": "2.7.x-dev"
                }
            },
            "autoload": {
                "psr-4": {
                    "GetOptionKit\\": "src/"
                }
            },
            "notification-url": "https://packagist.org/downloads/",
            "license": [
                "MIT"
            ],
            "authors": [
                {
                    "name": "Yo-An Lin",
                    "email": "yoanlin93@gmail.com"
                }
            ],
            "description": "Powerful command-line option toolkit",
            "homepage": "http://github.com/c9s/GetOptionKit",
            "support": {
                "issues": "https://github.com/c9s/GetOptionKit/issues",
                "source": "https://github.com/c9s/GetOptionKit/tree/2.7.2"
            },
            "time": "2023-04-14T03:35:14+00:00"
        },
        {
            "name": "diskerror/typed",
            "version": "dev-master",
            "dist": {
                "type": "path",
                "url": "../Typed",
                "reference": "36907f1790a97703d6c6f9ae1cf68188ef733948"
            },
            "require": {
                "ext-intl": "*",
                "ext-json": "*",
                "php": ">=7.4"
            },
            "require-dev": {
                "phpdocumentor/phpdocumentor": "~3.1.2",
                "phpunit/phpunit": "~9.5"
            },
            "suggest": {
                "laminas/laminas-json": "~3.1.*"
            },
            "type": "library",
            "autoload": {
                "psr-4": {
                    "Diskerror\\Typed\\": "src/"
                }
            },
            "autoload-dev": {
                "psr-4": {
                    "TestClasses\\": "tests/classes/"
                }
            },
            "license": [
                "Apache-2.0"
            ],
            "authors": [
                {
                    "name": "Reid Woodbury",
                    "email": "reid@rawsound.com",
                    "homepage": "http://www.rawsound.com",
                    "role": "Developer"
                }
            ],
            "description": "PHP classes to strictly define member structure, to control their data types, and to add convenience methods.",
            "homepage": "https://github.com/diskerror/typed",
            "keywords": [
                "cast",
                "struct",
                "structure",
                "type"
            ],
            "transport-options": {
                "relative": true
            }
        },
        {
            "name": "laminas/laminas-code",
            "version": "4.14.0",
            "source": {
                "type": "git",
                "url": "https://github.com/laminas/laminas-code.git",
                "reference": "562e02b7d85cb9142b5116cc76c4c7c162a11a1c"
            },
            "dist": {
                "type": "zip",
                "url": "https://api.github.com/repos/laminas/laminas-code/zipball/562e02b7d85cb9142b5116cc76c4c7c162a11a1c",
                "reference": "562e02b7d85cb9142b5116cc76c4c7c162a11a1c",
                "shasum": ""
            },
            "require": {
                "php": "~8.1.0 || ~8.2.0 || ~8.3.0"
            },
            "require-dev": {
                "doctrine/annotations": "^2.0.1",
                "ext-phar": "*",
                "laminas/laminas-coding-standard": "^2.5.0",
                "laminas/laminas-stdlib": "^3.17.0",
                "phpunit/phpunit": "^10.3.3",
                "psalm/plugin-phpunit": "^0.19.0",
                "vimeo/psalm": "^5.15.0"
            },
            "suggest": {
                "doctrine/annotations": "Doctrine\\Common\\Annotations >=1.0 for annotation features",
                "laminas/laminas-stdlib": "Laminas\\Stdlib component"
            },
            "type": "library",
            "autoload": {
                "psr-4": {
                    "Laminas\\Code\\": "src/"
                }
            },
            "notification-url": "https://packagist.org/downloads/",
            "license": [
                "BSD-3-Clause"
            ],
            "description": "Extensions to the PHP Reflection API, static code scanning, and code generation",
            "homepage": "https://laminas.dev",
            "keywords": [
                "code",
                "laminas",
                "laminasframework"
            ],
            "support": {
                "chat": "https://laminas.dev/chat",
                "docs": "https://docs.laminas.dev/laminas-code/",
                "forum": "https://discourse.laminas.dev",
                "issues": "https://github.com/laminas/laminas-code/issues",
                "rss": "https://github.com/laminas/laminas-code/releases.atom",
                "source": "https://github.com/laminas/laminas-code"
            },
            "funding": [
                {
                    "url": "https://funding.communitybridge.org/projects/laminas-project",
                    "type": "community_bridge"
                }
            ],
            "time": "2024-06-17T08:50:25+00:00"
        },
        {
            "name": "laminas/laminas-server",
            "version": "2.17.0",
            "source": {
                "type": "git",
                "url": "https://github.com/laminas/laminas-server.git",
                "reference": "9d9375f05d179402b39d3b69e9dc103cea7cb567"
            },
            "dist": {
                "type": "zip",
                "url": "https://api.github.com/repos/laminas/laminas-server/zipball/9d9375f05d179402b39d3b69e9dc103cea7cb567",
                "reference": "9d9375f05d179402b39d3b69e9dc103cea7cb567",
                "shasum": ""
            },
            "require": {
                "laminas/laminas-code": "^4.7.1",
                "laminas/laminas-stdlib": "^3.3.1",
                "php": "~8.1.0 || ~8.2.0 || ~8.3.0"
            },
            "conflict": {
                "zendframework/zend-server": "*"
            },
            "require-dev": {
                "laminas/laminas-coding-standard": "~2.5.0",
                "phpunit/phpunit": "^9.5.5",
                "psalm/plugin-phpunit": "^0.18.0",
                "vimeo/psalm": "^4.6.4"
            },
            "type": "library",
            "autoload": {
                "psr-4": {
                    "Laminas\\Server\\": "src/"
                }
            },
            "notification-url": "https://packagist.org/downloads/",
            "license": [
                "BSD-3-Clause"
            ],
            "description": "Create Reflection-based RPC servers",
            "homepage": "https://laminas.dev",
            "keywords": [
                "laminas",
                "server"
            ],
            "support": {
                "chat": "https://laminas.dev/chat",
                "docs": "https://docs.laminas.dev/laminas-server/",
                "forum": "https://discourse.laminas.dev",
                "issues": "https://github.com/laminas/laminas-server/issues",
                "rss": "https://github.com/laminas/laminas-server/releases.atom",
                "source": "https://github.com/laminas/laminas-server"
            },
            "funding": [
                {
                    "url": "https://funding.communitybridge.org/projects/laminas-project",
                    "type": "community_bridge"
                }
            ],
            "time": "2024-02-05T09:59:22+00:00"
        },
        {
            "name": "laminas/laminas-stdlib",
            "version": "3.19.0",
            "source": {
                "type": "git",
                "url": "https://github.com/laminas/laminas-stdlib.git",
                "reference": "6a192dd0882b514e45506f533b833b623b78fff3"
            },
            "dist": {
                "type": "zip",
                "url": "https://api.github.com/repos/laminas/laminas-stdlib/zipball/6a192dd0882b514e45506f533b833b623b78fff3",
                "reference": "6a192dd0882b514e45506f533b833b623b78fff3",
                "shasum": ""
            },
            "require": {
                "php": "~8.1.0 || ~8.2.0 || ~8.3.0"
            },
            "conflict": {
                "zendframework/zend-stdlib": "*"
            },
            "require-dev": {
                "laminas/laminas-coding-standard": "^2.5",
                "phpbench/phpbench": "^1.2.15",
                "phpunit/phpunit": "^10.5.8",
                "psalm/plugin-phpunit": "^0.18.4",
                "vimeo/psalm": "^5.20.0"
            },
            "type": "library",
            "autoload": {
                "psr-4": {
                    "Laminas\\Stdlib\\": "src/"
                }
            },
            "notification-url": "https://packagist.org/downloads/",
            "license": [
                "BSD-3-Clause"
            ],
            "description": "SPL extensions, array utilities, error handlers, and more",
            "homepage": "https://laminas.dev",
            "keywords": [
                "laminas",
                "stdlib"
            ],
            "support": {
                "chat": "https://laminas.dev/chat",
                "docs": "https://docs.laminas.dev/laminas-stdlib/",
                "forum": "https://discourse.laminas.dev",
                "issues": "https://github.com/laminas/laminas-stdlib/issues",
                "rss": "https://github.com/laminas/laminas-stdlib/releases.atom",
                "source": "https://github.com/laminas/laminas-stdlib"
            },
            "funding": [
                {
                    "url": "https://funding.communitybridge.org/projects/laminas-project",
                    "type": "community_bridge"
                }
            ],
            "time": "2024-01-19T12:39:49+00:00"
        }
    ],
    "packages-dev": [],
    "aliases": [],
    "minimum-stability": "stable",
    "stability-flags": {
        "diskerror/typed": 20
    },
    "prefer-stable": true,
    "prefer-lowest": false,
    "platform": {
        "php": ">=8.2",
        "ext-ctype": "*",
        "ext-iconv": "*",
        "ext-imagick": "*",
        "ext-json": "*",
        "ext-mbstring": "*"
    },
    "platform-dev": [],
    "plugin-api-version": "2.6.0"
}
